
Microsoft Visual Studio Solution File, Format Version 12.00
# Visual Studio Version 16
VisualStudioVersion = 16.0.31729.503
MinimumVisualStudioVersion = 10.0.40219.1
Project("{FAE04EC0-301F-11D3-BF4B-00C04F79EFBC}") = "Notes.Android", "Notes\Notes.Android\Notes.Android.csproj", "{761EA35B-DC41-4C02-B5A4-839D587B9857}"
EndProject
Project("{FAE04EC0-301F-11D3-BF4B-00C04F79EFBC}") = "Notes.iOS", "Notes\Notes.iOS\Notes.iOS.csproj", "{F5180B9D-4917-4F5F-8A68-8C64C8E5AEE6}"
EndProject
Project("{9A19103F-16F7-4668-BE54-9A1E7A4F7556}") = "Notes", "Notes\Notes\Notes.csproj", "{9D35ECC7-A7FB-4CD1-9484-1D8FA87A75D2}"
EndProject
Global
	GlobalSection(SolutionConfigurationPlatforms) = preSolution
		Debug|Any CPU = Debug|Any CPU
		Debug|iPhone = Debug|iPhone
		Debug|iPhoneSimulator = Debug|iPhoneSimulator
		Release|Any CPU = Release|Any CPU
		Release|iPhone = Release|iPhone
		Release|iPhoneSimulator = Release|iPhoneSimulator
	EndGlobalSection
	GlobalSection(ProjectConfigurationPlatforms) = postSolution
		{761EA35B-DC41-4C02-B5A4-839D587B9857}.Debug|Any CPU.ActiveCfg = Debug|Any CPU
		{761EA35B-DC41-4C02-B5A4-839D587B9857}.Debug|Any CPU.Build.0 = Debug|Any CPU
		{761EA35B-DC41-4C02-B5A4-839D587B9857}.Debug|Any CPU.Deploy.0 = Debug|Any CPU
		{761EA35B-DC41-4C02-B5A4-839D587B9857}.Debug|iPhone.ActiveCfg = Debug|Any CPU
		{761EA35B-DC41-4C02-B5A4-839D587B9857}.Debug|iPhone.Build.0 = Debug|Any CPU
		{761EA35B-DC41-4C02-B5A4-839D587B9857}.Debug|iPhone.Deploy.0 = Debug|Any CPU
		{761EA35B-DC41-4C02-B5A4-839D587B9857}.Debug|iPhoneSimulator.ActiveCfg = Debug|Any CPU
		{761EA35B-DC41-4C02-B5A4-839D587B9857}.Debug|iPhoneSimulator.Build.0 = Debug|Any CPU
		{761EA35B-DC41-4C02-B5A4-839D587B9857}.Debug|iPhoneSimulator.Deploy.0 = Debug|Any CPU
		{761EA35B-DC41-4C02-B5A4-839D587B9857}.Release|Any CPU.ActiveCfg = Release|Any CPU
		{761EA35B-DC41-4C02-B5A4-839D587B9857}.Release|Any CPU.Build.0 = Release|Any CPU
		{761EA35B-DC41-4C02-B5A4-839D587B9857}.Release|Any CPU.Deploy.0 = Release|Any CPU
		{761EA35B-DC41-4C02-B5A4-839D587B9857}.Release|iPhone.ActiveCfg = Release|Any CPU
		{761EA35B-DC41-4C02-B5A4-839D587B9857}.Release|iPhone.Build.0 = Release|Any CPU
		{761EA35B-DC41-4C02-B5A4-839D587B9857}.Release|iPhone.Deploy.0 = Release|Any CPU
		{761EA35B-DC41-4C02-B5A4-839D587B9857}.Release|iPhoneSimulator.ActiveCfg = Release|Any CPU
		{761EA35B-DC41-4C02-B5A4-839D587B9857}.Release|iPhoneSimulator.Build.0 = Release|Any CPU
		{761EA35B-DC41-4C02-B5A4-839D587B9857}.Release|iPhoneSimulator.Deploy.0 = Release|Any CPU
		{F5180B9D-4917-4F5F-8A68-8C64C8E5AEE6}.Debug|Any CPU.ActiveCfg = Debug|iPhone
		{F5180B9D-4917-4F5F-8A68-8C64C8E5AEE6}.Debug|Any CPU.Build.0 = Debug|iPhone
		{F5180B9D-4917-4F5F-8A68-8C64C8E5AEE6}.Debug|Any CPU.Deploy.0 = Debug|iPhone
		{F5180B9D-4917-4F5F-8A68-8C64C8E5AEE6}.Debug|iPhone.ActiveCfg = Debug|iPhone
		{F5180B9D-4917-4F5F-8A68-8C64C8E5AEE6}.Debug|iPhone.Build.0 = Debug|iPhone
		{F5180B9D-4917-4F5F-8A68-8C64C8E5AEE6}.Debug|iPhone.Deploy.0 = Debug|iPhone
		{F5180B9D-4917-4F5F-8A68-8C64C8E5AEE6}.Debug|iPhoneSimulator.ActiveCfg = Debug|iPhoneSimulator
		{F5180B9D-4917-4F5F-8A68-8C64C8E5AEE6}.Debug|iPhoneSimulator.Build.0 = Debug|iPhoneSimulator
		{F5180B9D-4917-4F5F-8A68-8C64C8E5AEE6}.Debug|iPhoneSimulator.Deploy.0 = Debug|iPhoneSimulator
		{F5180B9D-4917-4F5F-8A68-8C64C8E5AEE6}.Release|Any CPU.ActiveCfg = Release|iPhoneSimulator
		{F5180B9D-4917-4F5F-8A68-8C64C8E5AEE6}.Release|Any CPU.Build.0 = Release|iPhoneSimulator
		{F5180B9D-4917-4F5F-8A68-8C64C8E5AEE6}.Release|Any CPU.Deploy.0 = Release|iPhoneSimulator
		{F5180B9D-4917-4F5F-8A68-8C64C8E5AEE6}.Release|iPhone.ActiveCfg = Release|iPhone
		{F5180B9D-4917-4F5F-8A68-8C64C8E5AEE6}.Release|iPhone.Build.0 = Release|iPhone
		{F5180B9D-4917-4F5F-8A68-8C64C8E5AEE6}.Release|iPhone.Deploy.0 = Release|iPhone
		{F5180B9D-4917-4F5F-8A68-8C64C8E5AEE6}.Release|iPhoneSimulator.ActiveCfg = Release|iPhoneSimulator
		{F5180B9D-4917-4F5F-8A68-8C64C8E5AEE6}.Release|iPhoneSimulator.Build.0 = Release|iPhoneSimulator
		{F5180B9D-4917-4F5F-8A68-8C64C8E5AEE6}.Release|iPhoneSimulator.Deploy.0 = Release|iPhoneSimulator
		{9D35ECC7-A7FB-4CD1-9484-1D8FA87A75D2}.Debug|Any CPU.ActiveCfg = Debug|Any CPU
		{9D35ECC7-A7FB-4CD1-9484-1D8FA87A75D2}.Debug|Any CPU.Build.0 = Debug|Any CPU
		{9D35ECC7-A7FB-4CD1-9484-1D8FA87A75D2}.Debug|Any CPU.Deploy.0 = Debug|Any CPU
		{9D35ECC7-A7FB-4CD1-9484-1D8FA87A75D2}.Debug|iPhone.ActiveCfg = Debug|Any CPU
		{9D35ECC7-A7FB-4CD1-9484-1D8FA87A75D2}.Debug|iPhone.Build.0 = Debug|Any CPU
		{9D35ECC7-A7FB-4CD1-9484-1D8FA87A75D2}.Debug|iPhone.Deploy.0 = Debug|Any CPU
		{9D35ECC7-A7FB-4CD1-9484-1D8FA87A75D2}.Debug|iPhoneSimulator.ActiveCfg = Debug|Any CPU
		{9D35ECC7-A7FB-4CD1-9484-1D8FA87A75D2}.Debug|iPhoneSimulator.Build.0 = Debug|Any CPU
		{9D35ECC7-A7FB-4CD1-9484-1D8FA87A75D2}.Debug|iPhoneSimulator.Deploy.0 = Debug|Any CPU
		{9D35ECC7-A7FB-4CD1-9484-1D8FA87A75D2}.Release|Any CPU.ActiveCfg = Release|Any CPU
		{9D35ECC7-A7FB-4CD1-9484-1D8FA87A75D2}.Release|Any CPU.Build.0 = Release|Any CPU
		{9D35ECC7-A7FB-4CD1-9484-1D8FA87A75D2}.Release|Any CPU.Deploy.0 = Release|Any CPU
		{9D35ECC7-A7FB-4CD1-9484-1D8FA87A75D2}.Release|iPhone.ActiveCfg = Release|Any CPU
		{9D35ECC7-A7FB-4CD1-9484-1D8FA87A75D2}.Release|iPhone.Build.0 = Release|Any CPU
		{9D35ECC7-A7FB-4CD1-9484-1D8FA87A75D2}.Release|iPhone.Deploy.0 = Release|Any CPU
		{9D35ECC7-A7FB-4CD1-9484-1D8FA87A75D2}.Release|iPhoneSimulator.ActiveCfg = Release|Any CPU
		{9D35ECC7-A7FB-4CD1-9484-1D8FA87A75D2}.Release|iPhoneSimulator.Build.0 = Release|Any CPU
		{9D35ECC7-A7FB-4CD1-9484-1D8FA87A75D2}.Release|iPhoneSimulator.Deploy.0 = Release|Any CPU
	EndGlobalSection
	GlobalSection(SolutionProperties) = preSolution
		HideSolutionNode = FALSE
	EndGlobalSection
	GlobalSection(ExtensibilityGlobals) = postSolution
		SolutionGuid = {37BB0600-8CEC-4EBC-9326-25059F6C4353}
	EndGlobalSection
EndGlobal
